// !$*UTF8*$!
{
	archiveVersion = 1;
	classes = {
	};
	objectVersion = 46;
	objects = {

/* Begin PBXBuildFile section */
		6D0C948D15F2D9300057E8FB /* UIKit.framework in Frameworks */ = {isa = PBXBuildFile; fileRef = 6D0C948C15F2D9300057E8FB /* UIKit.framework */; };
		6D0C948F15F2D9300057E8FB /* Foundation.framework in Frameworks */ = {isa = PBXBuildFile; fileRef = 6D0C948E15F2D9300057E8FB /* Foundation.framework */; };
		6D0C949115F2D9300057E8FB /* CoreGraphics.framework in Frameworks */ = {isa = PBXBuildFile; fileRef = 6D0C949015F2D9300057E8FB /* CoreGraphics.framework */; };
		6D0C949715F2D9300057E8FB /* InfoPlist.strings in Resources */ = {isa = PBXBuildFile; fileRef = 6D0C949515F2D9300057E8FB /* InfoPlist.strings */; };
		6D0C949915F2D9300057E8FB /* main.m in Sources */ = {isa = PBXBuildFile; fileRef = 6D0C949815F2D9300057E8FB /* main.m */; };
		6D0C949D15F2D9300057E8FB /* AppDelegate.m in Sources */ = {isa = PBXBuildFile; fileRef = 6D0C949C15F2D9300057E8FB /* AppDelegate.m */; };
		6D0C94A015F2D9300057E8FB /* MainStoryboard_iPhone.storyboard in Resources */ = {isa = PBXBuildFile; fileRef = 6D0C949E15F2D9300057E8FB /* MainStoryboard_iPhone.storyboard */; };
		6D0C94A315F2D9300057E8FB /* MainStoryboard_iPad.storyboard in Resources */ = {isa = PBXBuildFile; fileRef = 6D0C94A115F2D9300057E8FB /* MainStoryboard_iPad.storyboard */; };
		6D0C94AE15F2D9830057E8FB /* MapViewController.m in Sources */ = {isa = PBXBuildFile; fileRef = 6D0C94AD15F2D9830057E8FB /* MapViewController.m */; };
		6D0C94B015F2DB290057E8FB /* README.md in Resources */ = {isa = PBXBuildFile; fileRef = 6D0C94AF15F2DB290057E8FB /* README.md */; };
		6D0C94CA15F2DCAE0057E8FB /* libMapView.a in Frameworks */ = {isa = PBXBuildFile; fileRef = 6D0C94C215F2DBF90057E8FB /* libMapView.a */; };
		6D0C94CC15F2DD520057E8FB /* libsqlite3.dylib in Frameworks */ = {isa = PBXBuildFile; fileRef = 6D0C94CB15F2DD520057E8FB /* libsqlite3.dylib */; };
		6D0C94CE15F2DD5D0057E8FB /* CoreLocation.framework in Frameworks */ = {isa = PBXBuildFile; fileRef = 6D0C94CD15F2DD5D0057E8FB /* CoreLocation.framework */; };
		6D0C94D015F2DD6F0057E8FB /* QuartzCore.framework in Frameworks */ = {isa = PBXBuildFile; fileRef = 6D0C94CF15F2DD6F0057E8FB /* QuartzCore.framework */; };
		6D0C94D315F2DDB20057E8FB /* Philadelphia.mbtiles in Resources */ = {isa = PBXBuildFile; fileRef = 6D0C94D215F2DDB20057E8FB /* Philadelphia.mbtiles */; };
/* End PBXBuildFile section */

/* Begin PBXContainerItemProxy section */
		6D0C94C115F2DBF90057E8FB /* PBXContainerItemProxy */ = {
			isa = PBXContainerItemProxy;
			containerPortal = 6D0C94B115F2DBF90057E8FB /* MapView.xcodeproj */;
			proxyType = 2;
			remoteGlobalIDString = 17F31EFA1331050A00122B16;
			remoteInfo = MapView;
		};
		6D0C94C315F2DBF90057E8FB /* PBXContainerItemProxy */ = {
			isa = PBXContainerItemProxy;
			containerPortal = 6D0C94B115F2DBF90057E8FB /* MapView.xcodeproj */;
			proxyType = 2;
			remoteGlobalIDString = 17157D87133BBC8300E28941;
			remoteInfo = MapViewTests;
		};
		6D0C94C515F2DBF90057E8FB /* PBXContainerItemProxy */ = {
			isa = PBXContainerItemProxy;
			containerPortal = 6D0C94B115F2DBF90057E8FB /* MapView.xcodeproj */;
			proxyType = 2;
			remoteGlobalIDString = 2BF3078F0F8AC5C0007014EE;
			remoteInfo = "Unit Tests";
		};
		6D0C94C815F2DC9F0057E8FB /* PBXContainerItemProxy */ = {
			isa = PBXContainerItemProxy;
			containerPortal = 6D0C94B115F2DBF90057E8FB /* MapView.xcodeproj */;
			proxyType = 1;
			remoteGlobalIDString = B8C974130E8A19B2007D16AD;
			remoteInfo = MapView;
		};
/* End PBXContainerItemProxy section */

/* Begin PBXFileReference section */
		6D0C948815F2D9300057E8FB /* PhiladelphiaOfflineMap.app */ = {isa = PBXFileReference; explicitFileType = wrapper.application; includeInIndex = 0; path = PhiladelphiaOfflineMap.app; sourceTree = BUILT_PRODUCTS_DIR; };
		6D0C948C15F2D9300057E8FB /* UIKit.framework */ = {isa = PBXFileReference; lastKnownFileType = wrapper.framework; name = UIKit.framework; path = System/Library/Frameworks/UIKit.framework; sourceTree = SDKROOT; };
		6D0C948E15F2D9300057E8FB /* Foundation.framework */ = {isa = PBXFileReference; lastKnownFileType = wrapper.framework; name = Foundation.framework; path = System/Library/Frameworks/Foundation.framework; sourceTree = SDKROOT; };
		6D0C949015F2D9300057E8FB /* CoreGraphics.framework */ = {isa = PBXFileReference; lastKnownFileType = wrapper.framework; name = CoreGraphics.framework; path = System/Library/Frameworks/CoreGraphics.framework; sourceTree = SDKROOT; };
		6D0C949415F2D9300057E8FB /* PhiladelphiaOfflineMap-Info.plist */ = {isa = PBXFileReference; lastKnownFileType = text.plist.xml; path = "PhiladelphiaOfflineMap-Info.plist"; sourceTree = "<group>"; };
		6D0C949615F2D9300057E8FB /* en */ = {isa = PBXFileReference; lastKnownFileType = text.plist.strings; name = en; path = en.lproj/InfoPlist.strings; sourceTree = "<group>"; };
		6D0C949815F2D9300057E8FB /* main.m */ = {isa = PBXFileReference; lastKnownFileType = sourcecode.c.objc; path = main.m; sourceTree = "<group>"; };
		6D0C949A15F2D9300057E8FB /* PhiladelphiaOfflineMap-Prefix.pch */ = {isa = PBXFileReference; lastKnownFileType = sourcecode.c.h; path = "PhiladelphiaOfflineMap-Prefix.pch"; sourceTree = "<group>"; };
		6D0C949B15F2D9300057E8FB /* AppDelegate.h */ = {isa = PBXFileReference; lastKnownFileType = sourcecode.c.h; path = AppDelegate.h; sourceTree = "<group>"; };
		6D0C949C15F2D9300057E8FB /* AppDelegate.m */ = {isa = PBXFileReference; lastKnownFileType = sourcecode.c.objc; path = AppDelegate.m; sourceTree = "<group>"; };
		6D0C949F15F2D9300057E8FB /* en */ = {isa = PBXFileReference; lastKnownFileType = file.storyboard; name = en; path = en.lproj/MainStoryboard_iPhone.storyboard; sourceTree = "<group>"; };
		6D0C94A215F2D9300057E8FB /* en */ = {isa = PBXFileReference; lastKnownFileType = file.storyboard; name = en; path = en.lproj/MainStoryboard_iPad.storyboard; sourceTree = "<group>"; };
		6D0C94AC15F2D9830057E8FB /* MapViewController.h */ = {isa = PBXFileReference; fileEncoding = 4; lastKnownFileType = sourcecode.c.h; path = MapViewController.h; sourceTree = "<group>"; };
		6D0C94AD15F2D9830057E8FB /* MapViewController.m */ = {isa = PBXFileReference; fileEncoding = 4; lastKnownFileType = sourcecode.c.objc; path = MapViewController.m; sourceTree = "<group>"; };
		6D0C94AF15F2DB290057E8FB /* README.md */ = {isa = PBXFileReference; fileEncoding = 4; lastKnownFileType = text; path = README.md; sourceTree = "<group>"; };
		6D0C94B115F2DBF90057E8FB /* MapView.xcodeproj */ = {isa = PBXFileReference; lastKnownFileType = "wrapper.pb-project"; name = MapView.xcodeproj; path = "vendor/route-me/MapView/MapView.xcodeproj"; sourceTree = "<group>"; };
		6D0C94CB15F2DD520057E8FB /* libsqlite3.dylib */ = {isa = PBXFileReference; lastKnownFileType = "compiled.mach-o.dylib"; name = libsqlite3.dylib; path = usr/lib/libsqlite3.dylib; sourceTree = SDKROOT; };
		6D0C94CD15F2DD5D0057E8FB /* CoreLocation.framework */ = {isa = PBXFileReference; lastKnownFileType = wrapper.framework; name = CoreLocation.framework; path = System/Library/Frameworks/CoreLocation.framework; sourceTree = SDKROOT; };
		6D0C94CF15F2DD6F0057E8FB /* QuartzCore.framework */ = {isa = PBXFileReference; lastKnownFileType = wrapper.framework; name = QuartzCore.framework; path = System/Library/Frameworks/QuartzCore.framework; sourceTree = SDKROOT; };
		6D0C94D215F2DDB20057E8FB /* Philadelphia.mbtiles */ = {isa = PBXFileReference; lastKnownFileType = file; path = Philadelphia.mbtiles; sourceTree = "<group>"; };
/* End PBXFileReference section */

/* Begin PBXFrameworksBuildPhase section */
		6D0C948515F2D9300057E8FB /* Frameworks */ = {
			isa = PBXFrameworksBuildPhase;
			buildActionMask = 2147483647;
			files = (
				6D0C94D015F2DD6F0057E8FB /* QuartzCore.framework in Frameworks */,
				6D0C94CE15F2DD5D0057E8FB /* CoreLocation.framework in Frameworks */,
				6D0C94CC15F2DD520057E8FB /* libsqlite3.dylib in Frameworks */,
				6D0C94CA15F2DCAE0057E8FB /* libMapView.a in Frameworks */,
				6D0C948D15F2D9300057E8FB /* UIKit.framework in Frameworks */,
				6D0C948F15F2D9300057E8FB /* Foundation.framework in Frameworks */,
				6D0C949115F2D9300057E8FB /* CoreGraphics.framework in Frameworks */,
			);
			runOnlyForDeploymentPostprocessing = 0;
		};
/* End PBXFrameworksBuildPhase section */

/* Begin PBXGroup section */
		6D0C947D15F2D9300057E8FB = {
			isa = PBXGroup;
			children = (
				6D0C94D115F2DDB20057E8FB /* Assets */,
				6D0C94B115F2DBF90057E8FB /* MapView.xcodeproj */,
				6D0C94AF15F2DB290057E8FB /* README.md */,
				6D0C949215F2D9300057E8FB /* PhiladelphiaOfflineMap */,
				6D0C948B15F2D9300057E8FB /* Frameworks */,
				6D0C948915F2D9300057E8FB /* Products */,
			);
			sourceTree = "<group>";
		};
		6D0C948915F2D9300057E8FB /* Products */ = {
			isa = PBXGroup;
			children = (
				6D0C948815F2D9300057E8FB /* PhiladelphiaOfflineMap.app */,
			);
			name = Products;
			sourceTree = "<group>";
		};
		6D0C948B15F2D9300057E8FB /* Frameworks */ = {
			isa = PBXGroup;
			children = (
				6D0C94CF15F2DD6F0057E8FB /* QuartzCore.framework */,
				6D0C94CD15F2DD5D0057E8FB /* CoreLocation.framework */,
				6D0C94CB15F2DD520057E8FB /* libsqlite3.dylib */,
				6D0C948C15F2D9300057E8FB /* UIKit.framework */,
				6D0C948E15F2D9300057E8FB /* Foundation.framework */,
				6D0C949015F2D9300057E8FB /* CoreGraphics.framework */,
			);
			name = Frameworks;
			sourceTree = "<group>";
		};
		6D0C949215F2D9300057E8FB /* PhiladelphiaOfflineMap */ = {
			isa = PBXGroup;
			children = (
				6D0C94AC15F2D9830057E8FB /* MapViewController.h */,
				6D0C94AD15F2D9830057E8FB /* MapViewController.m */,
				6D0C949B15F2D9300057E8FB /* AppDelegate.h */,
				6D0C949C15F2D9300057E8FB /* AppDelegate.m */,
				6D0C949E15F2D9300057E8FB /* MainStoryboard_iPhone.storyboard */,
				6D0C94A115F2D9300057E8FB /* MainStoryboard_iPad.storyboard */,
				6D0C949315F2D9300057E8FB /* Supporting Files */,
			);
			path = PhiladelphiaOfflineMap;
			sourceTree = "<group>";
		};
		6D0C949315F2D9300057E8FB /* Supporting Files */ = {
			isa = PBXGroup;
			children = (
				6D0C949415F2D9300057E8FB /* PhiladelphiaOfflineMap-Info.plist */,
				6D0C949515F2D9300057E8FB /* InfoPlist.strings */,
				6D0C949815F2D9300057E8FB /* main.m */,
				6D0C949A15F2D9300057E8FB /* PhiladelphiaOfflineMap-Prefix.pch */,
			);
			name = "Supporting Files";
			sourceTree = "<group>";
		};
		6D0C94B215F2DBF90057E8FB /* Products */ = {
			isa = PBXGroup;
			children = (
				6D0C94C215F2DBF90057E8FB /* libMapView.a */,
				6D0C94C415F2DBF90057E8FB /* MapViewTests.octest */,
				6D0C94C615F2DBF90057E8FB /* RM Unit Tests.app */,
			);
			name = Products;
			sourceTree = "<group>";
		};
		6D0C94D115F2DDB20057E8FB /* Assets */ = {
			isa = PBXGroup;
			children = (
				6D0C94D215F2DDB20057E8FB /* Philadelphia.mbtiles */,
			);
			path = Assets;
			sourceTree = "<group>";
		};
/* End PBXGroup section */

/* Begin PBXNativeTarget section */
		6D0C948715F2D9300057E8FB /* PhiladelphiaOfflineMap */ = {
			isa = PBXNativeTarget;
			buildConfigurationList = 6D0C94A915F2D9300057E8FB /* Build configuration list for PBXNativeTarget "PhiladelphiaOfflineMap" */;
			buildPhases = (
				6D0C948415F2D9300057E8FB /* Sources */,
				6D0C948515F2D9300057E8FB /* Frameworks */,
				6D0C948615F2D9300057E8FB /* Resources */,
			);
			buildRules = (
			);
			dependencies = (
				6D0C94C915F2DC9F0057E8FB /* PBXTargetDependency */,
			);
			name = PhiladelphiaOfflineMap;
			productName = PhiladelphiaOfflineMap;
			productReference = 6D0C948815F2D9300057E8FB /* PhiladelphiaOfflineMap.app */;
			productType = "com.apple.product-type.application";
		};
/* End PBXNativeTarget section */

/* Begin PBXProject section */
		6D0C947F15F2D9300057E8FB /* Project object */ = {
			isa = PBXProject;
			attributes = {
				LastUpgradeCheck = 0440;
				ORGANIZATIONNAME = "Jamie Ly";
			};
			buildConfigurationList = 6D0C948215F2D9300057E8FB /* Build configuration list for PBXProject "PhiladelphiaOfflineMap" */;
			compatibilityVersion = "Xcode 3.2";
			developmentRegion = English;
			hasScannedForEncodings = 0;
			knownRegions = (
				en,
			);
			mainGroup = 6D0C947D15F2D9300057E8FB;
			productRefGroup = 6D0C948915F2D9300057E8FB /* Products */;
			projectDirPath = "";
			projectReferences = (
				{
					ProductGroup = 6D0C94B215F2DBF90057E8FB /* Products */;
					ProjectRef = 6D0C94B115F2DBF90057E8FB /* MapView.xcodeproj */;
				},
			);
			projectRoot = "";
			targets = (
				6D0C948715F2D9300057E8FB /* PhiladelphiaOfflineMap */,
			);
		};
/* End PBXProject section */

/* Begin PBXReferenceProxy section */
		6D0C94C215F2DBF90057E8FB /* libMapView.a */ = {
			isa = PBXReferenceProxy;
			fileType = archive.ar;
			path = libMapView.a;
			remoteRef = 6D0C94C115F2DBF90057E8FB /* PBXContainerItemProxy */;
			sourceTree = BUILT_PRODUCTS_DIR;
		};
		6D0C94C415F2DBF90057E8FB /* MapViewTests.octest */ = {
			isa = PBXReferenceProxy;
			fileType = wrapper.cfbundle;
			path = MapViewTests.octest;
			remoteRef = 6D0C94C315F2DBF90057E8FB /* PBXContainerItemProxy */;
			sourceTree = BUILT_PRODUCTS_DIR;
		};
		6D0C94C615F2DBF90057E8FB /* RM Unit Tests.app */ = {
			isa = PBXReferenceProxy;
			fileType = wrapper.application;
			path = "RM Unit Tests.app";
			remoteRef = 6D0C94C515F2DBF90057E8FB /* PBXContainerItemProxy */;
			sourceTree = BUILT_PRODUCTS_DIR;
		};
/* End PBXReferenceProxy section */

/* Begin PBXResourcesBuildPhase section */
		6D0C948615F2D9300057E8FB /* Resources */ = {
			isa = PBXResourcesBuildPhase;
			buildActionMask = 2147483647;
			files = (
				6D0C949715F2D9300057E8FB /* InfoPlist.strings in Resources */,
				6D0C94A015F2D9300057E8FB /* MainStoryboard_iPhone.storyboard in Resources */,
				6D0C94A315F2D9300057E8FB /* MainStoryboard_iPad.storyboard in Resources */,
				6D0C94B015F2DB290057E8FB /* README.md in Resources */,
				6D0C94D315F2DDB20057E8FB /* Philadelphia.mbtiles in Resources */,
			);
			runOnlyForDeploymentPostprocessing = 0;
		};
/* End PBXResourcesBuildPhase section */

/* Begin PBXSourcesBuildPhase section */
		6D0C948415F2D9300057E8FB /* Sources */ = {
			isa = PBXSourcesBuildPhase;
			buildActionMask = 2147483647;
			files = (
				6D0C949915F2D9300057E8FB /* main.m in Sources */,
				6D0C949D15F2D9300057E8FB /* AppDelegate.m in Sources */,
				6D0C94AE15F2D9830057E8FB /* MapViewController.m in Sources */,
			);
			runOnlyForDeploymentPostprocessing = 0;
		};
/* End PBXSourcesBuildPhase section */

/* Begin PBXTargetDependency section */
		6D0C94C915F2DC9F0057E8FB /* PBXTargetDependency */ = {
			isa = PBXTargetDependency;
			name = MapView;
			targetProxy = 6D0C94C815F2DC9F0057E8FB /* PBXContainerItemProxy */;
		};
/* End PBXTargetDependency section */

/* Begin PBXVariantGroup section */
		6D0C949515F2D9300057E8FB /* InfoPlist.strings */ = {
			isa = PBXVariantGroup;
			children = (
				6D0C949615F2D9300057E8FB /* en */,
			);
			name = InfoPlist.strings;
			sourceTree = "<group>";
		};
		6D0C949E15F2D9300057E8FB /* MainStoryboard_iPhone.storyboard */ = {
			isa = PBXVariantGroup;
			children = (
				6D0C949F15F2D9300057E8FB /* en */,
			);
			name = MainStoryboard_iPhone.storyboard;
			sourceTree = "<group>";
		};
		6D0C94A115F2D9300057E8FB /* MainStoryboard_iPad.storyboard */ = {
			isa = PBXVariantGroup;
			children = (
				6D0C94A215F2D9300057E8FB /* en */,
			);
			name = MainStoryboard_iPad.storyboard;
			sourceTree = "<group>";
		};
/* End PBXVariantGroup section */

/* Begin XCBuildConfiguration section */
		6D0C94A715F2D9300057E8FB /* Debug */ = {
			isa = XCBuildConfiguration;
			buildSettings = {
				ALWAYS_SEARCH_USER_PATHS = NO;
				ARCHS = "$(ARCHS_STANDARD_32_BIT)";
				CLANG_CXX_LANGUAGE_STANDARD = "gnu++0x";
				CLANG_ENABLE_OBJC_ARC = YES;
				CLANG_WARN__DUPLICATE_METHOD_MATCH = YES;
				"CODE_SIGN_IDENTITY[sdk=iphoneos*]" = "iPhone Developer";
				COPY_PHASE_STRIP = NO;
				GCC_C_LANGUAGE_STANDARD = gnu99;
				GCC_DYNAMIC_NO_PIC = NO;
				GCC_OPTIMIZATION_LEVEL = 0;
				GCC_PREPROCESSOR_DEFINITIONS = (
					"DEBUG=1",
					"$(inherited)",
				);
				GCC_SYMBOLS_PRIVATE_EXTERN = NO;
				GCC_VERSION = com.apple.compilers.llvm.clang.1_0;
				GCC_WARN_ABOUT_RETURN_TYPE = YES;
				GCC_WARN_UNINITIALIZED_AUTOS = YES;
				GCC_WARN_UNUSED_VARIABLE = YES;
				IPHONEOS_DEPLOYMENT_TARGET = 5.1;
				SDKROOT = iphoneos;
				TARGETED_DEVICE_FAMILY = "1,2";
			};
			name = Debug;
		};
		6D0C94A815F2D9300057E8FB /* Release */ = {
			isa = XCBuildConfiguration;
			buildSettings = {
				ALWAYS_SEARCH_USER_PATHS = NO;
				ARCHS = "$(ARCHS_STANDARD_32_BIT)";
				CLANG_CXX_LANGUAGE_STANDARD = "gnu++0x";
				CLANG_ENABLE_OBJC_ARC = YES;
				CLANG_WARN__DUPLICATE_METHOD_MATCH = YES;
				"CODE_SIGN_IDENTITY[sdk=iphoneos*]" = "iPhone Developer";
				COPY_PHASE_STRIP = YES;
				GCC_C_LANGUAGE_STANDARD = gnu99;
				GCC_VERSION = com.apple.compilers.llvm.clang.1_0;
				GCC_WARN_ABOUT_RETURN_TYPE = YES;
				GCC_WARN_UNINITIALIZED_AUTOS = YES;
				GCC_WARN_UNUSED_VARIABLE = YES;
				IPHONEOS_DEPLOYMENT_TARGET = 5.1;
				OTHER_CFLAGS = "-DNS_BLOCK_ASSERTIONS=1";
				SDKROOT = iphoneos;
				TARGETED_DEVICE_FAMILY = "1,2";
				VALIDATE_PRODUCT = YES;
			};
			name = Release;
		};
		6D0C94AA15F2D9300057E8FB /* Debug */ = {
			isa = XCBuildConfiguration;
			buildSettings = {
				GCC_PRECOMPILE_PREFIX_HEADER = YES;
				GCC_PREFIX_HEADER = "PhiladelphiaOfflineMap/PhiladelphiaOfflineMap-Prefix.pch";
				HEADER_SEARCH_PATHS = "vendor/route-me/MapView/Map/**";
				INFOPLIST_FILE = "PhiladelphiaOfflineMap/PhiladelphiaOfflineMap-Info.plist";
				OTHER_LDFLAGS = (
					"-all_load",
					"-ObjC",
				);
				PRODUCT_NAME = "$(TARGET_NAME)";
				WRAPPER_EXTENSION = app;
			};
			name = Debug;
		};
		6D0C94AB15F2D9300057E8FB /* Release */ = {
			isa = XCBuildConfiguration;
			buildSettings = {
				GCC_PRECOMPILE_PREFIX_HEADER = YES;
				GCC_PREFIX_HEADER = "PhiladelphiaOfflineMap/PhiladelphiaOfflineMap-Prefix.pch";
				HEADER_SEARCH_PATHS = "vendor/route-me/MapView/Map/**";
				INFOPLIST_FILE = "PhiladelphiaOfflineMap/PhiladelphiaOfflineMap-Info.plist";
				OTHER_LDFLAGS = (
					"-all_load",
					"-ObjC",
				);
				PRODUCT_NAME = "$(TARGET_NAME)";
				WRAPPER_EXTENSION = app;
			};
			name = Release;
		};
/* End XCBuildConfiguration section */

/* Begin XCConfigurationList section */
		6D0C948215F2D9300057E8FB /* Build configuration list for PBXProject "PhiladelphiaOfflineMap" */ = {
			isa = XCConfigurationList;
			buildConfigurations = (
				6D0C94A715F2D9300057E8FB /* Debug */,
				6D0C94A815F2D9300057E8FB /* Release */,
			);
			defaultConfigurationIsVisible = 0;
			defaultConfigurationName = Release;
		};
		6D0C94A915F2D9300057E8FB /* Build configuration list for PBXNativeTarget "PhiladelphiaOfflineMap" */ = {
			isa = XCConfigurationList;
			buildConfigurations = (
				6D0C94AA15F2D9300057E8FB /* Debug */,
				6D0C94AB15F2D9300057E8FB /* Release */,
			);
			defaultConfigurationIsVisible = 0;
		};
/* End XCConfigurationList section */
	};
	rootObject = 6D0C947F15F2D9300057E8FB /* Project object */;
}
